// !$*UTF8*$!
{
	archiveVersion = 1;
	classes = {
	};
	objectVersion = 46;
	objects = {

/* Begin PBXBuildFile section */
		8B663E9F1D7960C3005496A5 /* main.m in Sources */ = {isa = PBXBuildFile; fileRef = 8B663E9E1D7960C3005496A5 /* main.m */; };
		8B663EA21D7960C3005496A5 /* AppDelegate.m in Sources */ = {isa = PBXBuildFile; fileRef = 8B663EA11D7960C3005496A5 /* AppDelegate.m */; };
		8B663EA51D7960C3005496A5 /* ViewController.m in Sources */ = {isa = PBXBuildFile; fileRef = 8B663EA41D7960C3005496A5 /* ViewController.m */; };
		8B663EA81D7960C3005496A5 /* Main.storyboard in Resources */ = {isa = PBXBuildFile; fileRef = 8B663EA61D7960C3005496A5 /* Main.storyboard */; };
		8B663EAA1D7960C4005496A5 /* Assets.xcassets in Resources */ = {isa = PBXBuildFile; fileRef = 8B663EA91D7960C4005496A5 /* Assets.xcassets */; };
		8B663EAD1D7960C4005496A5 /* LaunchScreen.storyboard in Resources */ = {isa = PBXBuildFile; fileRef = 8B663EAB1D7960C4005496A5 /* LaunchScreen.storyboard */; };
		8B663EB81D7960C4005496A5 /* AudioAndImageTranscodingTests.m in Sources */ = {isa = PBXBuildFile; fileRef = 8B663EB71D7960C4005496A5 /* AudioAndImageTranscodingTests.m */; };
		8B663EC31D7960C4005496A5 /* AudioAndImageTranscodingUITests.m in Sources */ = {isa = PBXBuildFile; fileRef = 8B663EC21D7960C4005496A5 /* AudioAndImageTranscodingUITests.m */; };
		8B663ED61D796142005496A5 /* libmp3lame.a in Frameworks */ = {isa = PBXBuildFile; fileRef = 8B663ED51D796142005496A5 /* libmp3lame.a */; };
		8B663EDE1D796C82005496A5 /* 123456.png in Resources */ = {isa = PBXBuildFile; fileRef = 8B663EDD1D796C82005496A5 /* 123456.png */; };
/* End PBXBuildFile section */

/* Begin PBXContainerItemProxy section */
		8B663EB41D7960C4005496A5 /* PBXContainerItemProxy */ = {
			isa = PBXContainerItemProxy;
			containerPortal = 8B663E921D7960C3005496A5 /* Project object */;
			proxyType = 1;
			remoteGlobalIDString = 8B663E991D7960C3005496A5;
			remoteInfo = AudioAndImageTranscoding;
		};
		8B663EBF1D7960C4005496A5 /* PBXContainerItemProxy */ = {
			isa = PBXContainerItemProxy;
			containerPortal = 8B663E921D7960C3005496A5 /* Project object */;
			proxyType = 1;
			remoteGlobalIDString = 8B663E991D7960C3005496A5;
			remoteInfo = AudioAndImageTranscoding;
		};
/* End PBXContainerItemProxy section */

/* Begin PBXFileReference section */
		8B663E9A1D7960C3005496A5 /* AudioAndImageTranscoding.app */ = {isa = PBXFileReference; explicitFileType = wrapper.application; includeInIndex = 0; path = AudioAndImageTranscoding.app; sourceTree = BUILT_PRODUCTS_DIR; };
		8B663E9E1D7960C3005496A5 /* main.m */ = {isa = PBXFileReference; lastKnownFileType = sourcecode.c.objc; path = main.m; sourceTree = "<group>"; };
		8B663EA01D7960C3005496A5 /* AppDelegate.h */ = {isa = PBXFileReference; lastKnownFileType = sourcecode.c.h; path = AppDelegate.h; sourceTree = "<group>"; };
		8B663EA11D7960C3005496A5 /* AppDelegate.m */ = {isa = PBXFileReference; lastKnownFileType = sourcecode.c.objc; path = AppDelegate.m; sourceTree = "<group>"; };
		8B663EA31D7960C3005496A5 /* ViewController.h */ = {isa = PBXFileReference; lastKnownFileType = sourcecode.c.h; path = ViewController.h; sourceTree = "<group>"; };
		8B663EA41D7960C3005496A5 /* ViewController.m */ = {isa = PBXFileReference; lastKnownFileType = sourcecode.c.objc; path = ViewController.m; sourceTree = "<group>"; };
		8B663EA71D7960C3005496A5 /* Base */ = {isa = PBXFileReference; lastKnownFileType = file.storyboard; name = Base; path = Base.lproj/Main.storyboard; sourceTree = "<group>"; };
		8B663EA91D7960C4005496A5 /* Assets.xcassets */ = {isa = PBXFileReference; lastKnownFileType = folder.assetcatalog; path = Assets.xcassets; sourceTree = "<group>"; };
		8B663EAC1D7960C4005496A5 /* Base */ = {isa = PBXFileReference; lastKnownFileType = file.storyboard; name = Base; path = Base.lproj/LaunchScreen.storyboard; sourceTree = "<group>"; };
		8B663EAE1D7960C4005496A5 /* Info.plist */ = {isa = PBXFileReference; lastKnownFileType = text.plist.xml; path = Info.plist; sourceTree = "<group>"; };
		8B663EB31D7960C4005496A5 /* AudioAndImageTranscodingTests.xctest */ = {isa = PBXFileReference; explicitFileType = wrapper.cfbundle; includeInIndex = 0; path = AudioAndImageTranscodingTests.xctest; sourceTree = BUILT_PRODUCTS_DIR; };
		8B663EB71D7960C4005496A5 /* AudioAndImageTranscodingTests.m */ = {isa = PBXFileReference; lastKnownFileType = sourcecode.c.objc; path = AudioAndImageTranscodingTests.m; sourceTree = "<group>"; };
		8B663EB91D7960C4005496A5 /* Info.plist */ = {isa = PBXFileReference; lastKnownFileType = text.plist.xml; path = Info.plist; sourceTree = "<group>"; };
		8B663EBE1D7960C4005496A5 /* AudioAndImageTranscodingUITests.xctest */ = {isa = PBXFileReference; explicitFileType = wrapper.cfbundle; includeInIndex = 0; path = AudioAndImageTranscodingUITests.xctest; sourceTree = BUILT_PRODUCTS_DIR; };
		8B663EC21D7960C4005496A5 /* AudioAndImageTranscodingUITests.m */ = {isa = PBXFileReference; lastKnownFileType = sourcecode.c.objc; path = AudioAndImageTranscodingUITests.m; sourceTree = "<group>"; };
		8B663EC41D7960C4005496A5 /* Info.plist */ = {isa = PBXFileReference; lastKnownFileType = text.plist.xml; path = Info.plist; sourceTree = "<group>"; };
		8B663ED41D796142005496A5 /* lame.h */ = {isa = PBXFileReference; fileEncoding = 4; lastKnownFileType = sourcecode.c.h; path = lame.h; sourceTree = "<group>"; };
		8B663ED51D796142005496A5 /* libmp3lame.a */ = {isa = PBXFileReference; lastKnownFileType = archive.ar; path = libmp3lame.a; sourceTree = "<group>"; };
		8B663EDD1D796C82005496A5 /* 123456.png */ = {isa = PBXFileReference; lastKnownFileType = image.png; path = 123456.png; sourceTree = "<group>"; };
/* End PBXFileReference section */

/* Begin PBXFrameworksBuildPhase section */
		8B663E971D7960C3005496A5 /* Frameworks */ = {
			isa = PBXFrameworksBuildPhase;
			buildActionMask = 2147483647;
			files = (
				8B663ED61D796142005496A5 /* libmp3lame.a in Frameworks */,
			);
			runOnlyForDeploymentPostprocessing = 0;
		};
		8B663EB01D7960C4005496A5 /* Frameworks */ = {
			isa = PBXFrameworksBuildPhase;
			buildActionMask = 2147483647;
			files = (
			);
			runOnlyForDeploymentPostprocessing = 0;
		};
		8B663EBB1D7960C4005496A5 /* Frameworks */ = {
			isa = PBXFrameworksBuildPhase;
			buildActionMask = 2147483647;
			files = (
			);
			runOnlyForDeploymentPostprocessing = 0;
		};
/* End PBXFrameworksBuildPhase section */

/* Begin PBXGroup section */
		8B663E911D7960C3005496A5 = {
			isa = PBXGroup;
			children = (
				8B663E9C1D7960C3005496A5 /* AudioAndImageTranscoding */,
				8B663EB61D7960C4005496A5 /* AudioAndImageTranscodingTests */,
				8B663EC11D7960C4005496A5 /* AudioAndImageTranscodingUITests */,
				8B663E9B1D7960C3005496A5 /* Products */,
			);
			sourceTree = "<group>";
		};
		8B663E9B1D7960C3005496A5 /* Products */ = {
			isa = PBXGroup;
			children = (
				8B663E9A1D7960C3005496A5 /* AudioAndImageTranscoding.app */,
				8B663EB31D7960C4005496A5 /* AudioAndImageTranscodingTests.xctest */,
				8B663EBE1D7960C4005496A5 /* AudioAndImageTranscodingUITests.xctest */,
			);
			name = Products;
			sourceTree = "<group>";
		};
		8B663E9C1D7960C3005496A5 /* AudioAndImageTranscoding */ = {
			isa = PBXGroup;
			children = (
				8B663EA01D7960C3005496A5 /* AppDelegate.h */,
				8B663EA11D7960C3005496A5 /* AppDelegate.m */,
				8B663EA31D7960C3005496A5 /* ViewController.h */,
				8B663EA41D7960C3005496A5 /* ViewController.m */,
				8B663EDD1D796C82005496A5 /* 123456.png */,
				8B663ED31D796142005496A5 /* lame */,
				8B663EA61D7960C3005496A5 /* Main.storyboard */,
				8B663EA91D7960C4005496A5 /* Assets.xcassets */,
				8B663EAB1D7960C4005496A5 /* LaunchScreen.storyboard */,
				8B663EAE1D7960C4005496A5 /* Info.plist */,
				8B663E9D1D7960C3005496A5 /* Supporting Files */,
			);
			path = AudioAndImageTranscoding;
			sourceTree = "<group>";
		};
		8B663E9D1D7960C3005496A5 /* Supporting Files */ = {
			isa = PBXGroup;
			children = (
				8B663E9E1D7960C3005496A5 /* main.m */,
			);
			name = "Supporting Files";
			sourceTree = "<group>";
		};
		8B663EB61D7960C4005496A5 /* AudioAndImageTranscodingTests */ = {
			isa = PBXGroup;
			children = (
				8B663EB71D7960C4005496A5 /* AudioAndImageTranscodingTests.m */,
				8B663EB91D7960C4005496A5 /* Info.plist */,
			);
			path = AudioAndImageTranscodingTests;
			sourceTree = "<group>";
		};
		8B663EC11D7960C4005496A5 /* AudioAndImageTranscodingUITests */ = {
			isa = PBXGroup;
			children = (
				8B663EC21D7960C4005496A5 /* AudioAndImageTranscodingUITests.m */,
				8B663EC41D7960C4005496A5 /* Info.plist */,
			);
			path = AudioAndImageTranscodingUITests;
			sourceTree = "<group>";
		};
		8B663ED31D796142005496A5 /* lame */ = {
			isa = PBXGroup;
			children = (
				8B663ED41D796142005496A5 /* lame.h */,
				8B663ED51D796142005496A5 /* libmp3lame.a */,
			);
			path = lame;
			sourceTree = "<group>";
		};
/* End PBXGroup section */

/* Begin PBXNativeTarget section */
		8B663E991D7960C3005496A5 /* AudioAndImageTranscoding */ = {
			isa = PBXNativeTarget;
			buildConfigurationList = 8B663EC71D7960C4005496A5 /* Build configuration list for PBXNativeTarget "AudioAndImageTranscoding" */;
			buildPhases = (
				8B663E961D7960C3005496A5 /* Sources */,
				8B663E971D7960C3005496A5 /* Frameworks */,
				8B663E981D7960C3005496A5 /* Resources */,
			);
			buildRules = (
			);
			dependencies = (
			);
			name = AudioAndImageTranscoding;
			productName = AudioAndImageTranscoding;
			productReference = 8B663E9A1D7960C3005496A5 /* AudioAndImageTranscoding.app */;
			productType = "com.apple.product-type.application";
		};
		8B663EB21D7960C4005496A5 /* AudioAndImageTranscodingTests */ = {
			isa = PBXNativeTarget;
			buildConfigurationList = 8B663ECA1D7960C4005496A5 /* Build configuration list for PBXNativeTarget "AudioAndImageTranscodingTests" */;
			buildPhases = (
				8B663EAF1D7960C4005496A5 /* Sources */,
				8B663EB01D7960C4005496A5 /* Frameworks */,
				8B663EB11D7960C4005496A5 /* Resources */,
			);
			buildRules = (
			);
			dependencies = (
				8B663EB51D7960C4005496A5 /* PBXTargetDependency */,
			);
			name = AudioAndImageTranscodingTests;
			productName = AudioAndImageTranscodingTests;
			productReference = 8B663EB31D7960C4005496A5 /* AudioAndImageTranscodingTests.xctest */;
			productType = "com.apple.product-type.bundle.unit-test";
		};
		8B663EBD1D7960C4005496A5 /* AudioAndImageTranscodingUITests */ = {
			isa = PBXNativeTarget;
			buildConfigurationList = 8B663ECD1D7960C4005496A5 /* Build configuration list for PBXNativeTarget "AudioAndImageTranscodingUITests" */;
			buildPhases = (
				8B663EBA1D7960C4005496A5 /* Sources */,
				8B663EBB1D7960C4005496A5 /* Frameworks */,
				8B663EBC1D7960C4005496A5 /* Resources */,
			);
			buildRules = (
			);
			dependencies = (
				8B663EC01D7960C4005496A5 /* PBXTargetDependency */,
			);
			name = AudioAndImageTranscodingUITests;
			productName = AudioAndImageTranscodingUITests;
			productReference = 8B663EBE1D7960C4005496A5 /* AudioAndImageTranscodingUITests.xctest */;
			productType = "com.apple.product-type.bundle.ui-testing";
		};
/* End PBXNativeTarget section */

/* Begin PBXProject section */
		8B663E921D7960C3005496A5 /* Project object */ = {
			isa = PBXProject;
			attributes = {
				LastUpgradeCheck = 0730;
				ORGANIZATIONNAME = LLH;
				TargetAttributes = {
					8B663E991D7960C3005496A5 = {
						CreatedOnToolsVersion = 7.3.1;
					};
					8B663EB21D7960C4005496A5 = {
						CreatedOnToolsVersion = 7.3.1;
						TestTargetID = 8B663E991D7960C3005496A5;
					};
					8B663EBD1D7960C4005496A5 = {
						CreatedOnToolsVersion = 7.3.1;
						TestTargetID = 8B663E991D7960C3005496A5;
					};
				};
			};
			buildConfigurationList = 8B663E951D7960C3005496A5 /* Build configuration list for PBXProject "AudioAndImageTranscoding" */;
			compatibilityVersion = "Xcode 3.2";
			developmentRegion = English;
			hasScannedForEncodings = 0;
			knownRegions = (
				en,
				Base,
			);
			mainGroup = 8B663E911D7960C3005496A5;
			productRefGroup = 8B663E9B1D7960C3005496A5 /* Products */;
			projectDirPath = "";
			projectRoot = "";
			targets = (
				8B663E991D7960C3005496A5 /* AudioAndImageTranscoding */,
				8B663EB21D7960C4005496A5 /* AudioAndImageTranscodingTests */,
				8B663EBD1D7960C4005496A5 /* AudioAndImageTranscodingUITests */,
			);
		};
/* End PBXProject section */

/* Begin PBXResourcesBuildPhase section */
		8B663E981D7960C3005496A5 /* Resources */ = {
			isa = PBXResourcesBuildPhase;
			buildActionMask = 2147483647;
			files = (
				8B663EAD1D7960C4005496A5 /* LaunchScreen.storyboard in Resources */,
				8B663EAA1D7960C4005496A5 /* Assets.xcassets in Resources */,
				8B663EDE1D796C82005496A5 /* 123456.png in Resources */,
				8B663EA81D7960C3005496A5 /* Main.storyboard in Resources */,
			);
			runOnlyForDeploymentPostprocessing = 0;
		};
		8B663EB11D7960C4005496A5 /* Resources */ = {
			isa = PBXResourcesBuildPhase;
			buildActionMask = 2147483647;
			files = (
			);
			runOnlyForDeploymentPostprocessing = 0;
		};
		8B663EBC1D7960C4005496A5 /* Resources */ = {
			isa = PBXResourcesBuildPhase;
			buildActionMask = 2147483647;
			files = (
			);
			runOnlyForDeploymentPostprocessing = 0;
		};
/* End PBXResourcesBuildPhase section */

/* Begin PBXSourcesBuildPhase section */
		8B663E961D7960C3005496A5 /* Sources */ = {
			isa = PBXSourcesBuildPhase;
			buildActionMask = 2147483647;
			files = (
				8B663EA51D7960C3005496A5 /* ViewController.m in Sources */,
				8B663EA21D7960C3005496A5 /* AppDelegate.m in Sources */,
				8B663E9F1D7960C3005496A5 /* main.m in Sources */,
			);
			runOnlyForDeploymentPostprocessing = 0;
		};
		8B663EAF1D7960C4005496A5 /* Sources */ = {
			isa = PBXSourcesBuildPhase;
			buildActionMask = 2147483647;
			files = (
				8B663EB81D7960C4005496A5 /* AudioAndImageTranscodingTests.m in Sources */,
			);
			runOnlyForDeploymentPostprocessing = 0;
		};
		8B663EBA1D7960C4005496A5 /* Sources */ = {
			isa = PBXSourcesBuildPhase;
			buildActionMask = 2147483647;
			files = (
				8B663EC31D7960C4005496A5 /* AudioAndImageTranscodingUITests.m in Sources */,
			);
			runOnlyForDeploymentPostprocessing = 0;
		};
/* End PBXSourcesBuildPhase section */

/* Begin PBXTargetDependency section */
		8B663EB51D7960C4005496A5 /* PBXTargetDependency */ = {
			isa = PBXTargetDependency;
			target = 8B663E991D7960C3005496A5 /* AudioAndImageTranscoding */;
			targetProxy = 8B663EB41D7960C4005496A5 /* PBXContainerItemProxy */;
		};
		8B663EC01D7960C4005496A5 /* PBXTargetDependency */ = {
			isa = PBXTargetDependency;
			target = 8B663E991D7960C3005496A5 /* AudioAndImageTranscoding */;
			targetProxy = 8B663EBF1D7960C4005496A5 /* PBXContainerItemProxy */;
		};
/* End PBXTargetDependency section */

/* Begin PBXVariantGroup section */
		8B663EA61D7960C3005496A5 /* Main.storyboard */ = {
			isa = PBXVariantGroup;
			children = (
				8B663EA71D7960C3005496A5 /* Base */,
			);
			name = Main.storyboard;
			sourceTree = "<group>";
		};
		8B663EAB1D7960C4005496A5 /* LaunchScreen.storyboard */ = {
			isa = PBXVariantGroup;
			children = (
				8B663EAC1D7960C4005496A5 /* Base */,
			);
			name = LaunchScreen.storyboard;
			sourceTree = "<group>";
		};
/* End PBXVariantGroup section */

/* Begin XCBuildConfiguration section */
		8B663EC51D7960C4005496A5 /* Debug */ = {
			isa = XCBuildConfiguration;
			buildSettings = {
				ALWAYS_SEARCH_USER_PATHS = NO;
				CLANG_ANALYZER_NONNULL = YES;
				CLANG_CXX_LANGUAGE_STANDARD = "gnu++0x";
				CLANG_CXX_LIBRARY = "libc++";
				CLANG_ENABLE_MODULES = YES;
				CLANG_ENABLE_OBJC_ARC = YES;
				CLANG_WARN_BOOL_CONVERSION = YES;
				CLANG_WARN_CONSTANT_CONVERSION = YES;
				CLANG_WARN_DIRECT_OBJC_ISA_USAGE = YES_ERROR;
				CLANG_WARN_EMPTY_BODY = YES;
				CLANG_WARN_ENUM_CONVERSION = YES;
				CLANG_WARN_INT_CONVERSION = YES;
				CLANG_WARN_OBJC_ROOT_CLASS = YES_ERROR;
				CLANG_WARN_UNREACHABLE_CODE = YES;
				CLANG_WARN__DUPLICATE_METHOD_MATCH = YES;
				"CODE_SIGN_IDENTITY[sdk=iphoneos*]" = "iPhone Developer";
				COPY_PHASE_STRIP = NO;
				DEBUG_INFORMATION_FORMAT = dwarf;
				ENABLE_STRICT_OBJC_MSGSEND = YES;
				ENABLE_TESTABILITY = YES;
				GCC_C_LANGUAGE_STANDARD = gnu99;
				GCC_DYNAMIC_NO_PIC = NO;
				GCC_NO_COMMON_BLOCKS = YES;
				GCC_OPTIMIZATION_LEVEL = 0;
				GCC_PREPROCESSOR_DEFINITIONS = (
					"DEBUG=1",
					"$(inherited)",
				);
				GCC_WARN_64_TO_32_BIT_CONVERSION = YES;
				GCC_WARN_ABOUT_RETURN_TYPE = YES_ERROR;
				GCC_WARN_UNDECLARED_SELECTOR = YES;
				GCC_WARN_UNINITIALIZED_AUTOS = YES_AGGRESSIVE;
				GCC_WARN_UNUSED_FUNCTION = YES;
				GCC_WARN_UNUSED_VARIABLE = YES;
				IPHONEOS_DEPLOYMENT_TARGET = 9.3;
				MTL_ENABLE_DEBUG_INFO = YES;
				ONLY_ACTIVE_ARCH = YES;
				SDKROOT = iphoneos;
				TARGETED_DEVICE_FAMILY = "1,2";
			};
			name = Debug;
		};
		8B663EC61D7960C4005496A5 /* Release */ = {
			isa = XCBuildConfiguration;
			buildSettings = {
				ALWAYS_SEARCH_USER_PATHS = NO;
				CLANG_ANALYZER_NONNULL = YES;
				CLANG_CXX_LANGUAGE_STANDARD = "gnu++0x";
				CLANG_CXX_LIBRARY = "libc++";
				CLANG_ENABLE_MODULES = YES;
				CLANG_ENABLE_OBJC_ARC = YES;
				CLANG_WARN_BOOL_CONVERSION = YES;
				CLANG_WARN_CONSTANT_CONVERSION = YES;
				CLANG_WARN_DIRECT_OBJC_ISA_USAGE = YES_ERROR;
				CLANG_WARN_EMPTY_BODY = YES;
				CLANG_WARN_ENUM_CONVERSION = YES;
				CLANG_WARN_INT_CONVERSION = YES;
				CLANG_WARN_OBJC_ROOT_CLASS = YES_ERROR;
				CLANG_WARN_UNREACHABLE_CODE = YES;
				CLANG_WARN__DUPLICATE_METHOD_MATCH = YES;
				"CODE_SIGN_IDENTITY[sdk=iphoneos*]" = "iPhone Developer";
				COPY_PHASE_STRIP = NO;
				DEBUG_INFORMATION_FORMAT = "dwarf-with-dsym";
				ENABLE_NS_ASSERTIONS = NO;
				ENABLE_STRICT_OBJC_MSGSEND = YES;
				GCC_C_LANGUAGE_STANDARD = gnu99;
				GCC_NO_COMMON_BLOCKS = YES;
				GCC_WARN_64_TO_32_BIT_CONVERSION = YES;
				GCC_WARN_ABOUT_RETURN_TYPE = YES_ERROR;
				GCC_WARN_UNDECLARED_SELECTOR = YES;
				GCC_WARN_UNINITIALIZED_AUTOS = YES_AGGRESSIVE;
				GCC_WARN_UNUSED_FUNCTION = YES;
				GCC_WARN_UNUSED_VARIABLE = YES;
				IPHONEOS_DEPLOYMENT_TARGET = 9.3;
				MTL_ENABLE_DEBUG_INFO = NO;
				SDKROOT = iphoneos;
				TARGETED_DEVICE_FAMILY = "1,2";
				VALIDATE_PRODUCT = YES;
			};
			name = Release;
		};
		8B663EC81D7960C4005496A5 /* Debug */ = {
			isa = XCBuildConfiguration;
			buildSettings = {
				ASSETCATALOG_COMPILER_APPICON_NAME = AppIcon;
				INFOPLIST_FILE = AudioAndImageTranscoding/Info.plist;
				LD_RUNPATH_SEARCH_PATHS = "$(inherited) @executable_path/Frameworks";
				LIBRARY_SEARCH_PATHS = (
					"$(inherited)",
					"$(PROJECT_DIR)/AudioAndImageTranscoding/lame",
				);
				PRODUCT_BUNDLE_IDENTIFIER = iOS.AudioAndImageTranscoding;
				PRODUCT_NAME = "$(TARGET_NAME)";
			};
			name = Debug;
		};
		8B663EC91D7960C4005496A5 /* Release */ = {
			isa = XCBuildConfiguration;
			buildSettings = {
				ASSETCATALOG_COMPILER_APPICON_NAME = AppIcon;
				INFOPLIST_FILE = AudioAndImageTranscoding/Info.plist;
				LD_RUNPATH_SEARCH_PATHS = "$(inherited) @executable_path/Frameworks";
				LIBRARY_SEARCH_PATHS = (
					"$(inherited)",
					"$(PROJECT_DIR)/AudioAndImageTranscoding/lame",
				);
				PRODUCT_BUNDLE_IDENTIFIER = iOS.AudioAndImageTranscoding;
				PRODUCT_NAME = "$(TARGET_NAME)";
			};
			name = Release;
		};
		8B663ECB1D7960C4005496A5 /* Debug */ = {
			isa = XCBuildConfiguration;
			buildSettings = {
				BUNDLE_LOADER = "$(TEST_HOST)";
				INFOPLIST_FILE = AudioAndImageTranscodingTests/Info.plist;
				LD_RUNPATH_SEARCH_PATHS = "$(inherited) @executable_path/Frameworks @loader_path/Frameworks";
				PRODUCT_BUNDLE_IDENTIFIER = iOS.AudioAndImageTranscodingTests;
				PRODUCT_NAME = "$(TARGET_NAME)";
				TEST_HOST = "$(BUILT_PRODUCTS_DIR)/AudioAndImageTranscoding.app/AudioAndImageTranscoding";
			};
			name = Debug;
		};
		8B663ECC1D7960C4005496A5 /* Release */ = {
			isa = XCBuildConfiguration;
			buildSettings = {
				BUNDLE_LOADER = "$(TEST_HOST)";
				INFOPLIST_FILE = AudioAndImageTranscodingTests/Info.plist;
				LD_RUNPATH_SEARCH_PATHS = "$(inherited) @executable_path/Frameworks @loader_path/Frameworks";
				PRODUCT_BUNDLE_IDENTIFIER = iOS.AudioAndImageTranscodingTests;
				PRODUCT_NAME = "$(TARGET_NAME)";
				TEST_HOST = "$(BUILT_PRODUCTS_DIR)/AudioAndImageTranscoding.app/AudioAndImageTranscoding";
			};
			name = Release;
		};
		8B663ECE1D7960C4005496A5 /* Debug */ = {
			isa = XCBuildConfiguration;
			buildSettings = {
				INFOPLIST_FILE = AudioAndImageTranscodingUITests/Info.plist;
				LD_RUNPATH_SEARCH_PATHS = "$(inherited) @executable_path/Frameworks @loader_path/Frameworks";
				PRODUCT_BUNDLE_IDENTIFIER = iOS.AudioAndImageTranscodingUITests;
				PRODUCT_NAME = "$(TARGET_NAME)";
				TEST_TARGET_NAME = AudioAndImageTranscoding;
			};
			name = Debug;
		};
		8B663ECF1D7960C4005496A5 /* Release */ = {
			isa = XCBuildConfiguration;
			buildSettings = {
				INFOPLIST_FILE = AudioAndImageTranscodingUITests/Info.plist;
				LD_RUNPATH_SEARCH_PATHS = "$(inherited) @executable_path/Frameworks @loader_path/Frameworks";
				PRODUCT_BUNDLE_IDENTIFIER = iOS.AudioAndImageTranscodingUITests;
				PRODUCT_NAME = "$(TARGET_NAME)";
				TEST_TARGET_NAME = AudioAndImageTranscoding;
			};
			name = Release;
		};
/* End XCBuildConfiguration section */

/* Begin XCConfigurationList section */
		8B663E951D7960C3005496A5 /* Build configuration list for PBXProject "AudioAndImageTranscoding" */ = {
			isa = XCConfigurationList;
			buildConfigurations = (
				8B663EC51D7960C4005496A5 /* Debug */,
				8B663EC61D7960C4005496A5 /* Release */,
			);
			defaultConfigurationIsVisible = 0;
			defaultConfigurationName = Release;
		};
		8B663EC71D7960C4005496A5 /* Build configuration list for PBXNativeTarget "AudioAndImageTranscoding" */ = {
			isa = XCConfigurationList;
			buildConfigurations = (
				8B663EC81D7960C4005496A5 /* Debug */,
				8B663EC91D7960C4005496A5 /* Release */,
			);
			defaultConfigurationIsVisible = 0;
			defaultConfigurationName = Release;
		};
		8B663ECA1D7960C4005496A5 /* Build configuration list for PBXNativeTarget "AudioAndImageTranscodingTests" */ = {
			isa = XCConfigurationList;
			buildConfigurations = (
				8B663ECB1D7960C4005496A5 /* Debug */,
				8B663ECC1D7960C4005496A5 /* Release */,
			);
			defaultConfigurationIsVisible = 0;
			defaultConfigurationName = Release;
		};
		8B663ECD1D7960C4005496A5 /* Build configuration list for PBXNativeTarget "AudioAndImageTranscodingUITests" */ = {
			isa = XCConfigurationList;
			buildConfigurations = (
				8B663ECE1D7960C4005496A5 /* Debug */,
				8B663ECF1D7960C4005496A5 /* Release */,
			);
			defaultConfigurationIsVisible = 0;
			defaultConfigurationName = Release;
		};
/* End XCConfigurationList section */
	};
	rootObject = 8B663E921D7960C3005496A5 /* Project object */;
}
